// !$*UTF8*$!
{
	archiveVersion = 1;
	classes = {
	};
	objectVersion = 48;
	objects = {

/* Begin PBXBuildFile section */
		0F1A44D6207879FD0096DB0A /* AppDelegate.swift in Sources */ = {isa = PBXBuildFile; fileRef = 0F1A44D5207879FD0096DB0A /* AppDelegate.swift */; };
		0F1A44DD207879FD0096DB0A /* Assets.xcassets in Resources */ = {isa = PBXBuildFile; fileRef = 0F1A44DC207879FD0096DB0A /* Assets.xcassets */; };
		0F1A44E0207879FD0096DB0A /* LaunchScreen.storyboard in Resources */ = {isa = PBXBuildFile; fileRef = 0F1A44DE207879FD0096DB0A /* LaunchScreen.storyboard */; };
		0F1A44EC20787B0A0096DB0A /* Setting.swift in Sources */ = {isa = PBXBuildFile; fileRef = 0F1A44E720787B0A0096DB0A /* Setting.swift */; };
		0F1A44ED20787B0A0096DB0A /* AdModel.swift in Sources */ = {isa = PBXBuildFile; fileRef = 0F1A44E820787B0A0096DB0A /* AdModel.swift */; };
		0F1A44EE20787B0A0096DB0A /* Tools.swift in Sources */ = {isa = PBXBuildFile; fileRef = 0F1A44E920787B0A0096DB0A /* Tools.swift */; };
		0F1A44EF20787B0A0096DB0A /* Video.swift in Sources */ = {isa = PBXBuildFile; fileRef = 0F1A44EA20787B0A0096DB0A /* Video.swift */; };
		0F1A44F020787B0A0096DB0A /* ImageCell.swift in Sources */ = {isa = PBXBuildFile; fileRef = 0F1A44EB20787B0A0096DB0A /* ImageCell.swift */; };
		0F1A44F420787B7F0096DB0A /* MainViewController.swift in Sources */ = {isa = PBXBuildFile; fileRef = 0F1A44F320787B7F0096DB0A /* MainViewController.swift */; };
		0FEDED72207914510051DB91 /* Keychain.swift in Sources */ = {isa = PBXBuildFile; fileRef = 0FEDED71207914510051DB91 /* Keychain.swift */; };
		0FEDED7520791C660051DB91 /* Array.swift in Sources */ = {isa = PBXBuildFile; fileRef = 0FEDED7420791C660051DB91 /* Array.swift */; };
		B91C9AC3D1764931FA53B806 /* Pods_DouyinDemo.framework in Frameworks */ = {isa = PBXBuildFile; fileRef = 05BB5F0359584A83D2C3076A /* Pods_DouyinDemo.framework */; };
/* End PBXBuildFile section */

/* Begin PBXFileReference section */
		05BB5F0359584A83D2C3076A /* Pods_DouyinDemo.framework */ = {isa = PBXFileReference; explicitFileType = wrapper.framework; includeInIndex = 0; path = Pods_DouyinDemo.framework; sourceTree = BUILT_PRODUCTS_DIR; };
		0F1A44D2207879FD0096DB0A /* DouyinDemo.app */ = {isa = PBXFileReference; explicitFileType = wrapper.application; includeInIndex = 0; path = DouyinDemo.app; sourceTree = BUILT_PRODUCTS_DIR; };
		0F1A44D5207879FD0096DB0A /* AppDelegate.swift */ = {isa = PBXFileReference; lastKnownFileType = sourcecode.swift; path = AppDelegate.swift; sourceTree = "<group>"; };
		0F1A44DC207879FD0096DB0A /* Assets.xcassets */ = {isa = PBXFileReference; lastKnownFileType = folder.assetcatalog; path = Assets.xcassets; sourceTree = "<group>"; };
		0F1A44DF207879FD0096DB0A /* Base */ = {isa = PBXFileReference; lastKnownFileType = file.storyboard; name = Base; path = Base.lproj/LaunchScreen.storyboard; sourceTree = "<group>"; };
		0F1A44E1207879FD0096DB0A /* Info.plist */ = {isa = PBXFileReference; lastKnownFileType = text.plist.xml; path = Info.plist; sourceTree = "<group>"; };
		0F1A44E720787B0A0096DB0A /* Setting.swift */ = {isa = PBXFileReference; fileEncoding = 4; lastKnownFileType = sourcecode.swift; path = Setting.swift; sourceTree = "<group>"; };
		0F1A44E820787B0A0096DB0A /* AdModel.swift */ = {isa = PBXFileReference; fileEncoding = 4; lastKnownFileType = sourcecode.swift; path = AdModel.swift; sourceTree = "<group>"; };
		0F1A44E920787B0A0096DB0A /* Tools.swift */ = {isa = PBXFileReference; fileEncoding = 4; lastKnownFileType = sourcecode.swift; path = Tools.swift; sourceTree = "<group>"; };
		0F1A44EA20787B0A0096DB0A /* Video.swift */ = {isa = PBXFileReference; fileEncoding = 4; lastKnownFileType = sourcecode.swift; path = Video.swift; sourceTree = "<group>"; };
		0F1A44EB20787B0A0096DB0A /* ImageCell.swift */ = {isa = PBXFileReference; fileEncoding = 4; lastKnownFileType = sourcecode.swift; path = ImageCell.swift; sourceTree = "<group>"; };
		0F1A44F320787B7F0096DB0A /* MainViewController.swift */ = {isa = PBXFileReference; lastKnownFileType = sourcecode.swift; path = MainViewController.swift; sourceTree = "<group>"; };
		0FEDED71207914510051DB91 /* Keychain.swift */ = {isa = PBXFileReference; lastKnownFileType = sourcecode.swift; path = Keychain.swift; sourceTree = "<group>"; };
		0FEDED7420791C660051DB91 /* Array.swift */ = {isa = PBXFileReference; lastKnownFileType = sourcecode.swift; path = Array.swift; sourceTree = "<group>"; };
		7DCF4384B97038976B441B44 /* Pods-DouyinDemo.debug.xcconfig */ = {isa = PBXFileReference; includeInIndex = 1; lastKnownFileType = text.xcconfig; name = "Pods-DouyinDemo.debug.xcconfig"; path = "Pods/Target Support Files/Pods-DouyinDemo/Pods-DouyinDemo.debug.xcconfig"; sourceTree = "<group>"; };
		AD70CCA21AC5AFF196D117B4 /* Pods-DouyinDemo.release.xcconfig */ = {isa = PBXFileReference; includeInIndex = 1; lastKnownFileType = text.xcconfig; name = "Pods-DouyinDemo.release.xcconfig"; path = "Pods/Target Support Files/Pods-DouyinDemo/Pods-DouyinDemo.release.xcconfig"; sourceTree = "<group>"; };
/* End PBXFileReference section */

/* Begin PBXFrameworksBuildPhase section */
		0F1A44CF207879FD0096DB0A /* Frameworks */ = {
			isa = PBXFrameworksBuildPhase;
			buildActionMask = 2147483647;
			files = (
				B91C9AC3D1764931FA53B806 /* Pods_DouyinDemo.framework in Frameworks */,
			);
			runOnlyForDeploymentPostprocessing = 0;
		};
/* End PBXFrameworksBuildPhase section */

/* Begin PBXGroup section */
		0F1A44C9207879FD0096DB0A = {
			isa = PBXGroup;
			children = (
				0F1A44D4207879FD0096DB0A /* DouyinDemo */,
				0F1A44D3207879FD0096DB0A /* Products */,
				334AE655B84BB709383F2E2B /* Pods */,
				9B6ABE7DA5576FC5865AD8A9 /* Frameworks */,
			);
			sourceTree = "<group>";
		};
		0F1A44D3207879FD0096DB0A /* Products */ = {
			isa = PBXGroup;
			children = (
				0F1A44D2207879FD0096DB0A /* DouyinDemo.app */,
			);
			name = Products;
			sourceTree = "<group>";
		};
		0F1A44D4207879FD0096DB0A /* DouyinDemo */ = {
			isa = PBXGroup;
			children = (
				0FEDED792079237C0051DB91 /* configs */,
				0FEDED78207923590051DB91 /* components */,
				0FEDED772079234F0051DB91 /* models */,
				0FEDED76207923240051DB91 /* utilities */,
				0FEDED7320791C5A0051DB91 /* extensions */,
				0F1A44D5207879FD0096DB0A /* AppDelegate.swift */,
				0F1A44F320787B7F0096DB0A /* MainViewController.swift */,
				0F1A44DC207879FD0096DB0A /* Assets.xcassets */,
				0F1A44DE207879FD0096DB0A /* LaunchScreen.storyboard */,
				0F1A44E1207879FD0096DB0A /* Info.plist */,
			);
			path = DouyinDemo;
			sourceTree = "<group>";
		};
		0FEDED7320791C5A0051DB91 /* extensions */ = {
			isa = PBXGroup;
			children = (
				0FEDED7420791C660051DB91 /* Array.swift */,
			);
			path = extensions;
			sourceTree = "<group>";
		};
		0FEDED76207923240051DB91 /* utilities */ = {
			isa = PBXGroup;
			children = (
				0F1A44E920787B0A0096DB0A /* Tools.swift */,
				0FEDED71207914510051DB91 /* Keychain.swift */,
			);
			path = utilities;
			sourceTree = "<group>";
		};
		0FEDED772079234F0051DB91 /* models */ = {
			isa = PBXGroup;
			children = (
				0F1A44E820787B0A0096DB0A /* AdModel.swift */,
				0F1A44EA20787B0A0096DB0A /* Video.swift */,
			);
			path = models;
			sourceTree = "<group>";
		};
		0FEDED78207923590051DB91 /* components */ = {
			isa = PBXGroup;
			children = (
				0F1A44EB20787B0A0096DB0A /* ImageCell.swift */,
			);
			path = components;
			sourceTree = "<group>";
		};
		0FEDED792079237C0051DB91 /* configs */ = {
			isa = PBXGroup;
			children = (
				0F1A44E720787B0A0096DB0A /* Setting.swift */,
			);
			path = configs;
			sourceTree = "<group>";
		};
		334AE655B84BB709383F2E2B /* Pods */ = {
			isa = PBXGroup;
			children = (
				7DCF4384B97038976B441B44 /* Pods-DouyinDemo.debug.xcconfig */,
				AD70CCA21AC5AFF196D117B4 /* Pods-DouyinDemo.release.xcconfig */,
			);
			name = Pods;
			sourceTree = "<group>";
		};
		9B6ABE7DA5576FC5865AD8A9 /* Frameworks */ = {
			isa = PBXGroup;
			children = (
				05BB5F0359584A83D2C3076A /* Pods_DouyinDemo.framework */,
			);
			name = Frameworks;
			sourceTree = "<group>";
		};
/* End PBXGroup section */

/* Begin PBXNativeTarget section */
		0F1A44D1207879FD0096DB0A /* DouyinDemo */ = {
			isa = PBXNativeTarget;
			buildConfigurationList = 0F1A44E4207879FD0096DB0A /* Build configuration list for PBXNativeTarget "DouyinDemo" */;
			buildPhases = (
				74E4DA1EE64F7CC1E6689337 /* [CP] Check Pods Manifest.lock */,
				0F1A44CE207879FD0096DB0A /* Sources */,
				0F1A44CF207879FD0096DB0A /* Frameworks */,
				0F1A44D0207879FD0096DB0A /* Resources */,
				A1D44E1F6054B0AD789DCBD3 /* [CP] Embed Pods Frameworks */,
				9BC124D8F46E6F709BA1BA63 /* [CP] Copy Pods Resources */,
			);
			buildRules = (
			);
			dependencies = (
			);
			name = DouyinDemo;
			productName = DouyinDemo;
			productReference = 0F1A44D2207879FD0096DB0A /* DouyinDemo.app */;
			productType = "com.apple.product-type.application";
		};
/* End PBXNativeTarget section */

/* Begin PBXProject section */
		0F1A44CA207879FD0096DB0A /* Project object */ = {
			isa = PBXProject;
			attributes = {
				LastSwiftUpdateCheck = 0920;
				LastUpgradeCheck = 0920;
				ORGANIZATIONNAME = Totorotec;
				TargetAttributes = {
					0F1A44D1207879FD0096DB0A = {
						CreatedOnToolsVersion = 9.2;
						ProvisioningStyle = Automatic;
					};
				};
			};
			buildConfigurationList = 0F1A44CD207879FD0096DB0A /* Build configuration list for PBXProject "DouyinDemo" */;
			compatibilityVersion = "Xcode 8.0";
			developmentRegion = en;
			hasScannedForEncodings = 0;
			knownRegions = (
				en,
				Base,
			);
			mainGroup = 0F1A44C9207879FD0096DB0A;
			productRefGroup = 0F1A44D3207879FD0096DB0A /* Products */;
			projectDirPath = "";
			projectRoot = "";
			targets = (
				0F1A44D1207879FD0096DB0A /* DouyinDemo */,
			);
		};
/* End PBXProject section */

/* Begin PBXResourcesBuildPhase section */
		0F1A44D0207879FD0096DB0A /* Resources */ = {
			isa = PBXResourcesBuildPhase;
			buildActionMask = 2147483647;
			files = (
				0F1A44E0207879FD0096DB0A /* LaunchScreen.storyboard in Resources */,
				0F1A44DD207879FD0096DB0A /* Assets.xcassets in Resources */,
			);
			runOnlyForDeploymentPostprocessing = 0;
		};
/* End PBXResourcesBuildPhase section */

/* Begin PBXShellScriptBuildPhase section */
		74E4DA1EE64F7CC1E6689337 /* [CP] Check Pods Manifest.lock */ = {
			isa = PBXShellScriptBuildPhase;
			buildActionMask = 2147483647;
			files = (
			);
			inputPaths = (
				"${PODS_PODFILE_DIR_PATH}/Podfile.lock",
				"${PODS_ROOT}/Manifest.lock",
			);
			name = "[CP] Check Pods Manifest.lock";
			outputPaths = (
				"$(DERIVED_FILE_DIR)/Pods-DouyinDemo-checkManifestLockResult.txt",
			);
			runOnlyForDeploymentPostprocessing = 0;
			shellPath = /bin/sh;
			shellScript = "diff \"${PODS_PODFILE_DIR_PATH}/Podfile.lock\" \"${PODS_ROOT}/Manifest.lock\" > /dev/null\nif [ $? != 0 ] ; then\n    # print error to STDERR\n    echo \"error: The sandbox is not in sync with the Podfile.lock. Run 'pod install' or update your CocoaPods installation.\" >&2\n    exit 1\nfi\n# This output is used by Xcode 'outputs' to avoid re-running this script phase.\necho \"SUCCESS\" > \"${SCRIPT_OUTPUT_FILE_0}\"\n";
			showEnvVarsInLog = 0;
		};
		9BC124D8F46E6F709BA1BA63 /* [CP] Copy Pods Resources */ = {
			isa = PBXShellScriptBuildPhase;
			buildActionMask = 2147483647;
			files = (
			);
			inputPaths = (
			);
			name = "[CP] Copy Pods Resources";
			outputPaths = (
			);
			runOnlyForDeploymentPostprocessing = 0;
			shellPath = /bin/sh;
			shellScript = "\"${SRCROOT}/Pods/Target Support Files/Pods-DouyinDemo/Pods-DouyinDemo-resources.sh\"\n";
			showEnvVarsInLog = 0;
		};
		A1D44E1F6054B0AD789DCBD3 /* [CP] Embed Pods Frameworks */ = {
			isa = PBXShellScriptBuildPhase;
			buildActionMask = 2147483647;
			files = (
			);
			inputPaths = (
				"${SRCROOT}/Pods/Target Support Files/Pods-DouyinDemo/Pods-DouyinDemo-frameworks.sh",
				"${BUILT_PRODUCTS_DIR}/Alamofire/Alamofire.framework",
				"${BUILT_PRODUCTS_DIR}/DeviceKit/DeviceKit.framework",
				"${BUILT_PRODUCTS_DIR}/MJRefresh/MJRefresh.framework",
				"${BUILT_PRODUCTS_DIR}/ObjectMapper/ObjectMapper.framework",
				"${BUILT_PRODUCTS_DIR}/SDWebImage/SDWebImage.framework",
				"${BUILT_PRODUCTS_DIR}/SwiftHash/SwiftHash.framework",
				"${BUILT_PRODUCTS_DIR}/SwiftyBeaver/SwiftyBeaver.framework",
				"${BUILT_PRODUCTS_DIR}/ZLaunchAd/ZLaunchAd.framework",
				"${BUILT_PRODUCTS_DIR}/libwebp/libwebp.framework",
			);
			name = "[CP] Embed Pods Frameworks";
			outputPaths = (
				"${TARGET_BUILD_DIR}/${FRAMEWORKS_FOLDER_PATH}/Alamofire.framework",
				"${TARGET_BUILD_DIR}/${FRAMEWORKS_FOLDER_PATH}/DeviceKit.framework",
				"${TARGET_BUILD_DIR}/${FRAMEWORKS_FOLDER_PATH}/MJRefresh.framework",
				"${TARGET_BUILD_DIR}/${FRAMEWORKS_FOLDER_PATH}/ObjectMapper.framework",
				"${TARGET_BUILD_DIR}/${FRAMEWORKS_FOLDER_PATH}/SDWebImage.framework",
				"${TARGET_BUILD_DIR}/${FRAMEWORKS_FOLDER_PATH}/SwiftHash.framework",
				"${TARGET_BUILD_DIR}/${FRAMEWORKS_FOLDER_PATH}/SwiftyBeaver.framework",
				"${TARGET_BUILD_DIR}/${FRAMEWORKS_FOLDER_PATH}/ZLaunchAd.framework",
				"${TARGET_BUILD_DIR}/${FRAMEWORKS_FOLDER_PATH}/libwebp.framework",
			);
			runOnlyForDeploymentPostprocessing = 0;
			shellPath = /bin/sh;
			shellScript = "\"${SRCROOT}/Pods/Target Support Files/Pods-DouyinDemo/Pods-DouyinDemo-frameworks.sh\"\n";
			showEnvVarsInLog = 0;
		};
/* End PBXShellScriptBuildPhase section */

/* Begin PBXSourcesBuildPhase section */
		0F1A44CE207879FD0096DB0A /* Sources */ = {
			isa = PBXSourcesBuildPhase;
			buildActionMask = 2147483647;
			files = (
				0F1A44EF20787B0A0096DB0A /* Video.swift in Sources */,
				0FEDED7520791C660051DB91 /* Array.swift in Sources */,
				0F1A44D6207879FD0096DB0A /* AppDelegate.swift in Sources */,
				0FEDED72207914510051DB91 /* Keychain.swift in Sources */,
				0F1A44ED20787B0A0096DB0A /* AdModel.swift in Sources */,
				0F1A44EC20787B0A0096DB0A /* Setting.swift in Sources */,
				0F1A44F020787B0A0096DB0A /* ImageCell.swift in Sources */,
				0F1A44EE20787B0A0096DB0A /* Tools.swift in Sources */,
				0F1A44F420787B7F0096DB0A /* MainViewController.swift in Sources */,
			);
			runOnlyForDeploymentPostprocessing = 0;
		};
/* End PBXSourcesBuildPhase section */

/* Begin PBXVariantGroup section */
		0F1A44DE207879FD0096DB0A /* LaunchScreen.storyboard */ = {
			isa = PBXVariantGroup;
			children = (
				0F1A44DF207879FD0096DB0A /* Base */,
			);
			name = LaunchScreen.storyboard;
			sourceTree = "<group>";
		};
/* End PBXVariantGroup section */

/* Begin XCBuildConfiguration section */
		0F1A44E2207879FD0096DB0A /* Debug */ = {
			isa = XCBuildConfiguration;
			buildSettings = {
				ALWAYS_SEARCH_USER_PATHS = NO;
				CLANG_ANALYZER_NONNULL = YES;
				CLANG_ANALYZER_NUMBER_OBJECT_CONVERSION = YES_AGGRESSIVE;
				CLANG_CXX_LANGUAGE_STANDARD = "gnu++14";
				CLANG_CXX_LIBRARY = "libc++";
				CLANG_ENABLE_MODULES = YES;
				CLANG_ENABLE_OBJC_ARC = YES;
				CLANG_WARN_BLOCK_CAPTURE_AUTORELEASING = YES;
				CLANG_WARN_BOOL_CONVERSION = YES;
				CLANG_WARN_COMMA = YES;
				CLANG_WARN_CONSTANT_CONVERSION = YES;
				CLANG_WARN_DIRECT_OBJC_ISA_USAGE = YES_ERROR;
				CLANG_WARN_DOCUMENTATION_COMMENTS = YES;
				CLANG_WARN_EMPTY_BODY = YES;
				CLANG_WARN_ENUM_CONVERSION = YES;
				CLANG_WARN_INFINITE_RECURSION = YES;
				CLANG_WARN_INT_CONVERSION = YES;
				CLANG_WARN_NON_LITERAL_NULL_CONVERSION = YES;
				CLANG_WARN_OBJC_LITERAL_CONVERSION = YES;
				CLANG_WARN_OBJC_ROOT_CLASS = YES_ERROR;
				CLANG_WARN_RANGE_LOOP_ANALYSIS = YES;
				CLANG_WARN_STRICT_PROTOTYPES = YES;
				CLANG_WARN_SUSPICIOUS_MOVE = YES;
				CLANG_WARN_UNGUARDED_AVAILABILITY = YES_AGGRESSIVE;
				CLANG_WARN_UNREACHABLE_CODE = YES;
				CLANG_WARN__DUPLICATE_METHOD_MATCH = YES;
				CODE_SIGN_IDENTITY = "iPhone Developer";
				COPY_PHASE_STRIP = NO;
				DEBUG_INFORMATION_FORMAT = dwarf;
				ENABLE_STRICT_OBJC_MSGSEND = YES;
				ENABLE_TESTABILITY = YES;
				GCC_C_LANGUAGE_STANDARD = gnu11;
				GCC_DYNAMIC_NO_PIC = NO;
				GCC_NO_COMMON_BLOCKS = YES;
				GCC_OPTIMIZATION_LEVEL = 0;
				GCC_PREPROCESSOR_DEFINITIONS = (
					"DEBUG=1",
					"$(inherited)",
				);
				GCC_WARN_64_TO_32_BIT_CONVERSION = YES;
				GCC_WARN_ABOUT_RETURN_TYPE = YES_ERROR;
				GCC_WARN_UNDECLARED_SELECTOR = YES;
				GCC_WARN_UNINITIALIZED_AUTOS = YES_AGGRESSIVE;
				GCC_WARN_UNUSED_FUNCTION = YES;
				GCC_WARN_UNUSED_VARIABLE = YES;
				IPHONEOS_DEPLOYMENT_TARGET = 11.2;
				MTL_ENABLE_DEBUG_INFO = YES;
				ONLY_ACTIVE_ARCH = YES;
				SDKROOT = iphoneos;
				SWIFT_ACTIVE_COMPILATION_CONDITIONS = DEBUG;
				SWIFT_OPTIMIZATION_LEVEL = "-Onone";
			};
			name = Debug;
		};
		0F1A44E3207879FD0096DB0A /* Release */ = {
			isa = XCBuildConfiguration;
			buildSettings = {
				ALWAYS_SEARCH_USER_PATHS = NO;
				CLANG_ANALYZER_NONNULL = YES;
				CLANG_ANALYZER_NUMBER_OBJECT_CONVERSION = YES_AGGRESSIVE;
				CLANG_CXX_LANGUAGE_STANDARD = "gnu++14";
				CLANG_CXX_LIBRARY = "libc++";
				CLANG_ENABLE_MODULES = YES;
				CLANG_ENABLE_OBJC_ARC = YES;
				CLANG_WARN_BLOCK_CAPTURE_AUTORELEASING = YES;
				CLANG_WARN_BOOL_CONVERSION = YES;
				CLANG_WARN_COMMA = YES;
				CLANG_WARN_CONSTANT_CONVERSION = YES;
				CLANG_WARN_DIRECT_OBJC_ISA_USAGE = YES_ERROR;
				CLANG_WARN_DOCUMENTATION_COMMENTS = YES;
				CLANG_WARN_EMPTY_BODY = YES;
				CLANG_WARN_ENUM_CONVERSION = YES;
				CLANG_WARN_INFINITE_RECURSION = YES;
				CLANG_WARN_INT_CONVERSION = YES;
				CLANG_WARN_NON_LITERAL_NULL_CONVERSION = YES;
				CLANG_WARN_OBJC_LITERAL_CONVERSION = YES;
				CLANG_WARN_OBJC_ROOT_CLASS = YES_ERROR;
				CLANG_WARN_RANGE_LOOP_ANALYSIS = YES;
				CLANG_WARN_STRICT_PROTOTYPES = YES;
				CLANG_WARN_SUSPICIOUS_MOVE = YES;
				CLANG_WARN_UNGUARDED_AVAILABILITY = YES_AGGRESSIVE;
				CLANG_WARN_UNREACHABLE_CODE = YES;
				CLANG_WARN__DUPLICATE_METHOD_MATCH = YES;
				CODE_SIGN_IDENTITY = "iPhone Developer";
				COPY_PHASE_STRIP = NO;
				DEBUG_INFORMATION_FORMAT = "dwarf-with-dsym";
				ENABLE_NS_ASSERTIONS = NO;
				ENABLE_STRICT_OBJC_MSGSEND = YES;
				GCC_C_LANGUAGE_STANDARD = gnu11;
				GCC_NO_COMMON_BLOCKS = YES;
				GCC_WARN_64_TO_32_BIT_CONVERSION = YES;
				GCC_WARN_ABOUT_RETURN_TYPE = YES_ERROR;
				GCC_WARN_UNDECLARED_SELECTOR = YES;
				GCC_WARN_UNINITIALIZED_AUTOS = YES_AGGRESSIVE;
				GCC_WARN_UNUSED_FUNCTION = YES;
				GCC_WARN_UNUSED_VARIABLE = YES;
				IPHONEOS_DEPLOYMENT_TARGET = 11.2;
				MTL_ENABLE_DEBUG_INFO = NO;
				SDKROOT = iphoneos;
				SWIFT_OPTIMIZATION_LEVEL = "-Owholemodule";
				VALIDATE_PRODUCT = YES;
			};
			name = Release;
		};
		0F1A44E5207879FD0096DB0A /* Debug */ = {
			isa = XCBuildConfiguration;
			baseConfigurationReference = 7DCF4384B97038976B441B44 /* Pods-DouyinDemo.debug.xcconfig */;
			buildSettings = {
				ASSETCATALOG_COMPILER_APPICON_NAME = AppIcon;
				CODE_SIGN_STYLE = Automatic;
				DEVELOPMENT_TEAM = 7B5S5W35G3;
				INFOPLIST_FILE = DouyinDemo/Info.plist;
				LD_RUNPATH_SEARCH_PATHS = "$(inherited) @executable_path/Frameworks";
				PRODUCT_BUNDLE_IDENTIFIER = com.totorotec.ALPlayerVodSDK.AliyunPlayerMediaDemo;
				PRODUCT_NAME = "$(TARGET_NAME)";
				SWIFT_VERSION = 4.0;
				TARGETED_DEVICE_FAMILY = "1,2";
			};
			name = Debug;
		};
		0F1A44E6207879FD0096DB0A /* Release */ = {
			isa = XCBuildConfiguration;
			baseConfigurationReference = AD70CCA21AC5AFF196D117B4 /* Pods-DouyinDemo.release.xcconfig */;
			buildSettings = {
				ASSETCATALOG_COMPILER_APPICON_NAME = AppIcon;
				CODE_SIGN_STYLE = Automatic;
				DEVELOPMENT_TEAM = 7B5S5W35G3;
				INFOPLIST_FILE = DouyinDemo/Info.plist;
				LD_RUNPATH_SEARCH_PATHS = "$(inherited) @executable_path/Frameworks";
				PRODUCT_BUNDLE_IDENTIFIER = com.totorotec.ALPlayerVodSDK.AliyunPlayerMediaDemo;
				PRODUCT_NAME = "$(TARGET_NAME)";
				SWIFT_VERSION = 4.0;
				TARGETED_DEVICE_FAMILY = "1,2";
			};
			name = Release;
		};
/* End XCBuildConfiguration section */

/* Begin XCConfigurationList section */
		0F1A44CD207879FD0096DB0A /* Build configuration list for PBXProject "DouyinDemo" */ = {
			isa = XCConfigurationList;
			buildConfigurations = (
				0F1A44E2207879FD0096DB0A /* Debug */,
				0F1A44E3207879FD0096DB0A /* Release */,
			);
			defaultConfigurationIsVisible = 0;
			defaultConfigurationName = Release;
		};
		0F1A44E4207879FD0096DB0A /* Build configuration list for PBXNativeTarget "DouyinDemo" */ = {
			isa = XCConfigurationList;
			buildConfigurations = (
				0F1A44E5207879FD0096DB0A /* Debug */,
				0F1A44E6207879FD0096DB0A /* Release */,
			);
			defaultConfigurationIsVisible = 0;
			defaultConfigurationName = Release;
		};
/* End XCConfigurationList section */
	};
	rootObject = 0F1A44CA207879FD0096DB0A /* Project object */;
}
